
Microsoft Visual Studio Solution File, Format Version 12.00
# Visual Studio Version 16
VisualStudioVersion = 16.0.31911.196
MinimumVisualStudioVersion = 10.0.40219.1
Project("{FAE04EC0-301F-11D3-BF4B-00C04F79EFBC}") = "Notes.Android", "Notes\Notes.Android\Notes.Android.csproj", "{9668D844-3805-40B1-BC20-B9E9F891E797}"
EndProject
Project("{FAE04EC0-301F-11D3-BF4B-00C04F79EFBC}") = "Notes.iOS", "Notes\Notes.iOS\Notes.iOS.csproj", "{8CC7B253-F399-4097-897F-2EFDFB465017}"
EndProject
Project("{FAE04EC0-301F-11D3-BF4B-00C04F79EFBC}") = "Notes", "Notes\Notes\Notes.csproj", "{117F976F-2291-46C6-9386-A92BCE37B759}"
EndProject
Global
	GlobalSection(SolutionConfigurationPlatforms) = preSolution
		Debug|Any CPU = Debug|Any CPU
		Debug|iPhone = Debug|iPhone
		Debug|iPhoneSimulator = Debug|iPhoneSimulator
		Release|Any CPU = Release|Any CPU
		Release|iPhone = Release|iPhone
		Release|iPhoneSimulator = Release|iPhoneSimulator
	EndGlobalSection
	GlobalSection(ProjectConfigurationPlatforms) = postSolution
		{9668D844-3805-40B1-BC20-B9E9F891E797}.Debug|Any CPU.ActiveCfg = Debug|Any CPU
		{9668D844-3805-40B1-BC20-B9E9F891E797}.Debug|Any CPU.Build.0 = Debug|Any CPU
		{9668D844-3805-40B1-BC20-B9E9F891E797}.Debug|Any CPU.Deploy.0 = Debug|Any CPU
		{9668D844-3805-40B1-BC20-B9E9F891E797}.Debug|iPhone.ActiveCfg = Debug|Any CPU
		{9668D844-3805-40B1-BC20-B9E9F891E797}.Debug|iPhone.Build.0 = Debug|Any CPU
		{9668D844-3805-40B1-BC20-B9E9F891E797}.Debug|iPhone.Deploy.0 = Debug|Any CPU
		{9668D844-3805-40B1-BC20-B9E9F891E797}.Debug|iPhoneSimulator.ActiveCfg = Debug|Any CPU
		{9668D844-3805-40B1-BC20-B9E9F891E797}.Debug|iPhoneSimulator.Build.0 = Debug|Any CPU
		{9668D844-3805-40B1-BC20-B9E9F891E797}.Debug|iPhoneSimulator.Deploy.0 = Debug|Any CPU
		{9668D844-3805-40B1-BC20-B9E9F891E797}.Release|Any CPU.ActiveCfg = Release|Any CPU
		{9668D844-3805-40B1-BC20-B9E9F891E797}.Release|Any CPU.Build.0 = Release|Any CPU
		{9668D844-3805-40B1-BC20-B9E9F891E797}.Release|Any CPU.Deploy.0 = Release|Any CPU
		{9668D844-3805-40B1-BC20-B9E9F891E797}.Release|iPhone.ActiveCfg = Release|Any CPU
		{9668D844-3805-40B1-BC20-B9E9F891E797}.Release|iPhone.Build.0 = Release|Any CPU
		{9668D844-3805-40B1-BC20-B9E9F891E797}.Release|iPhone.Deploy.0 = Release|Any CPU
		{9668D844-3805-40B1-BC20-B9E9F891E797}.Release|iPhoneSimulator.ActiveCfg = Release|Any CPU
		{9668D844-3805-40B1-BC20-B9E9F891E797}.Release|iPhoneSimulator.Build.0 = Release|Any CPU
		{9668D844-3805-40B1-BC20-B9E9F891E797}.Release|iPhoneSimulator.Deploy.0 = Release|Any CPU
		{8CC7B253-F399-4097-897F-2EFDFB465017}.Debug|Any CPU.ActiveCfg = Debug|iPhone
		{8CC7B253-F399-4097-897F-2EFDFB465017}.Debug|Any CPU.Build.0 = Debug|iPhone
		{8CC7B253-F399-4097-897F-2EFDFB465017}.Debug|Any CPU.Deploy.0 = Debug|iPhone
		{8CC7B253-F399-4097-897F-2EFDFB465017}.Debug|iPhone.ActiveCfg = Debug|iPhone
		{8CC7B253-F399-4097-897F-2EFDFB465017}.Debug|iPhone.Build.0 = Debug|iPhone
		{8CC7B253-F399-4097-897F-2EFDFB465017}.Debug|iPhone.Deploy.0 = Debug|iPhone
		{8CC7B253-F399-4097-897F-2EFDFB465017}.Debug|iPhoneSimulator.ActiveCfg = Debug|iPhoneSimulator
		{8CC7B253-F399-4097-897F-2EFDFB465017}.Debug|iPhoneSimulator.Build.0 = Debug|iPhoneSimulator
		{8CC7B253-F399-4097-897F-2EFDFB465017}.Debug|iPhoneSimulator.Deploy.0 = Debug|iPhoneSimulator
		{8CC7B253-F399-4097-897F-2EFDFB465017}.Release|Any CPU.ActiveCfg = Release|iPhoneSimulator
		{8CC7B253-F399-4097-897F-2EFDFB465017}.Release|Any CPU.Build.0 = Release|iPhoneSimulator
		{8CC7B253-F399-4097-897F-2EFDFB465017}.Release|Any CPU.Deploy.0 = Release|iPhoneSimulator
		{8CC7B253-F399-4097-897F-2EFDFB465017}.Release|iPhone.ActiveCfg = Release|iPhone
		{8CC7B253-F399-4097-897F-2EFDFB465017}.Release|iPhone.Build.0 = Release|iPhone
		{8CC7B253-F399-4097-897F-2EFDFB465017}.Release|iPhone.Deploy.0 = Release|iPhone
		{8CC7B253-F399-4097-897F-2EFDFB465017}.Release|iPhoneSimulator.ActiveCfg = Release|iPhoneSimulator
		{8CC7B253-F399-4097-897F-2EFDFB465017}.Release|iPhoneSimulator.Build.0 = Release|iPhoneSimulator
		{8CC7B253-F399-4097-897F-2EFDFB465017}.Release|iPhoneSimulator.Deploy.0 = Release|iPhoneSimulator
		{117F976F-2291-46C6-9386-A92BCE37B759}.Debug|Any CPU.ActiveCfg = Debug|Any CPU
		{117F976F-2291-46C6-9386-A92BCE37B759}.Debug|Any CPU.Build.0 = Debug|Any CPU
		{117F976F-2291-46C6-9386-A92BCE37B759}.Debug|Any CPU.Deploy.0 = Debug|Any CPU
		{117F976F-2291-46C6-9386-A92BCE37B759}.Debug|iPhone.ActiveCfg = Debug|Any CPU
		{117F976F-2291-46C6-9386-A92BCE37B759}.Debug|iPhone.Build.0 = Debug|Any CPU
		{117F976F-2291-46C6-9386-A92BCE37B759}.Debug|iPhone.Deploy.0 = Debug|Any CPU
		{117F976F-2291-46C6-9386-A92BCE37B759}.Debug|iPhoneSimulator.ActiveCfg = Debug|Any CPU
		{117F976F-2291-46C6-9386-A92BCE37B759}.Debug|iPhoneSimulator.Build.0 = Debug|Any CPU
		{117F976F-2291-46C6-9386-A92BCE37B759}.Debug|iPhoneSimulator.Deploy.0 = Debug|Any CPU
		{117F976F-2291-46C6-9386-A92BCE37B759}.Release|Any CPU.ActiveCfg = Release|Any CPU
		{117F976F-2291-46C6-9386-A92BCE37B759}.Release|Any CPU.Build.0 = Release|Any CPU
		{117F976F-2291-46C6-9386-A92BCE37B759}.Release|Any CPU.Deploy.0 = Release|Any CPU
		{117F976F-2291-46C6-9386-A92BCE37B759}.Release|iPhone.ActiveCfg = Release|Any CPU
		{117F976F-2291-46C6-9386-A92BCE37B759}.Release|iPhone.Build.0 = Release|Any CPU
		{117F976F-2291-46C6-9386-A92BCE37B759}.Release|iPhone.Deploy.0 = Release|Any CPU
		{117F976F-2291-46C6-9386-A92BCE37B759}.Release|iPhoneSimulator.ActiveCfg = Release|Any CPU
		{117F976F-2291-46C6-9386-A92BCE37B759}.Release|iPhoneSimulator.Build.0 = Release|Any CPU
		{117F976F-2291-46C6-9386-A92BCE37B759}.Release|iPhoneSimulator.Deploy.0 = Release|Any CPU
	EndGlobalSection
	GlobalSection(SolutionProperties) = preSolution
		HideSolutionNode = FALSE
	EndGlobalSection
	GlobalSection(ExtensibilityGlobals) = postSolution
		SolutionGuid = {8A1F8304-AB0B-4636-9597-C3B897C5328F}
	EndGlobalSection
EndGlobal
